// !$*UTF8*$!
{
	archiveVersion = 1;
	classes = {
	};
	objectVersion = 46;
	objects = {

/* Begin PBXBuildFile section */
		B967052F1A5F75450056A642 /* main.cpp in Sources */ = {isa = PBXBuildFile; fileRef = B967052E1A5F75450056A642 /* main.cpp */; };
		B967053B1A5F764D0056A642 /* libopencv_imgproc.2.4.9.dylib in Frameworks */ = {isa = PBXBuildFile; fileRef = B96705371A5F764D0056A642 /* libopencv_imgproc.2.4.9.dylib */; };
		B967053C1A5F764D0056A642 /* libopencv_highgui.2.4.9.dylib in Frameworks */ = {isa = PBXBuildFile; fileRef = B96705381A5F764D0056A642 /* libopencv_highgui.2.4.9.dylib */; };
		B967053D1A5F764D0056A642 /* libopencv_features2d.2.4.9.dylib in Frameworks */ = {isa = PBXBuildFile; fileRef = B96705391A5F764D0056A642 /* libopencv_features2d.2.4.9.dylib */; };
		B967053E1A5F764D0056A642 /* libopencv_core.2.4.9.dylib in Frameworks */ = {isa = PBXBuildFile; fileRef = B967053A1A5F764D0056A642 /* libopencv_core.2.4.9.dylib */; };
		B96705451A5F76E30056A642 /* ScanlineRenderer.cpp in Sources */ = {isa = PBXBuildFile; fileRef = B96705431A5F76E30056A642 /* ScanlineRenderer.cpp */; };
/* End PBXBuildFile section */

/* Begin PBXCopyFilesBuildPhase section */
		B96705291A5F75450056A642 /* CopyFiles */ = {
			isa = PBXCopyFilesBuildPhase;
			buildActionMask = 2147483647;
			dstPath = /usr/share/man/man1/;
			dstSubfolderSpec = 0;
			files = (
			);
			runOnlyForDeploymentPostprocessing = 1;
		};
/* End PBXCopyFilesBuildPhase section */

/* Begin PBXFileReference section */
		B967052B1A5F75450056A642 /* ScanlineRenderer */ = {isa = PBXFileReference; explicitFileType = "compiled.mach-o.executable"; includeInIndex = 0; path = ScanlineRenderer; sourceTree = BUILT_PRODUCTS_DIR; };
		B967052E1A5F75450056A642 /* main.cpp */ = {isa = PBXFileReference; lastKnownFileType = sourcecode.cpp.cpp; path = main.cpp; sourceTree = "<group>"; };
		B96705351A5F76070056A642 /* libopencv_contrib.2.4.9.dylib */ = {isa = PBXFileReference; lastKnownFileType = "compiled.mach-o.dylib"; name = libopencv_contrib.2.4.9.dylib; path = /usr/local/Cellar/opencv/2.4.9/lib/libopencv_contrib.2.4.9.dylib; sourceTree = "<absolute>"; };
		B96705371A5F764D0056A642 /* libopencv_imgproc.2.4.9.dylib */ = {isa = PBXFileReference; lastKnownFileType = "compiled.mach-o.dylib"; name = libopencv_imgproc.2.4.9.dylib; path = /usr/local/Cellar/opencv/2.4.9/lib/libopencv_imgproc.2.4.9.dylib; sourceTree = "<absolute>"; };
		B96705381A5F764D0056A642 /* libopencv_highgui.2.4.9.dylib */ = {isa = PBXFileReference; lastKnownFileType = "compiled.mach-o.dylib"; name = libopencv_highgui.2.4.9.dylib; path = /usr/local/Cellar/opencv/2.4.9/lib/libopencv_highgui.2.4.9.dylib; sourceTree = "<absolute>"; };
		B96705391A5F764D0056A642 /* libopencv_features2d.2.4.9.dylib */ = {isa = PBXFileReference; lastKnownFileType = "compiled.mach-o.dylib"; name = libopencv_features2d.2.4.9.dylib; path = /usr/local/Cellar/opencv/2.4.9/lib/libopencv_features2d.2.4.9.dylib; sourceTree = "<absolute>"; };
		B967053A1A5F764D0056A642 /* libopencv_core.2.4.9.dylib */ = {isa = PBXFileReference; lastKnownFileType = "compiled.mach-o.dylib"; name = libopencv_core.2.4.9.dylib; path = /usr/local/Cellar/opencv/2.4.9/lib/libopencv_core.2.4.9.dylib; sourceTree = "<absolute>"; };
		B96705431A5F76E30056A642 /* ScanlineRenderer.cpp */ = {isa = PBXFileReference; fileEncoding = 4; lastKnownFileType = sourcecode.cpp.cpp; path = ScanlineRenderer.cpp; sourceTree = "<group>"; };
		B96705441A5F76E30056A642 /* ScanlineRenderer.h */ = {isa = PBXFileReference; fileEncoding = 4; lastKnownFileType = sourcecode.c.h; path = ScanlineRenderer.h; sourceTree = "<group>"; };
/* End PBXFileReference section */

/* Begin PBXFrameworksBuildPhase section */
		B96705281A5F75450056A642 /* Frameworks */ = {
			isa = PBXFrameworksBuildPhase;
			buildActionMask = 2147483647;
			files = (
				B967053B1A5F764D0056A642 /* libopencv_imgproc.2.4.9.dylib in Frameworks */,
				B967053C1A5F764D0056A642 /* libopencv_highgui.2.4.9.dylib in Frameworks */,
				B967053D1A5F764D0056A642 /* libopencv_features2d.2.4.9.dylib in Frameworks */,
				B967053E1A5F764D0056A642 /* libopencv_core.2.4.9.dylib in Frameworks */,
			);
			runOnlyForDeploymentPostprocessing = 0;
		};
/* End PBXFrameworksBuildPhase section */

/* Begin PBXGroup section */
		B96705221A5F75450056A642 = {
			isa = PBXGroup;
			children = (
				B967053F1A5F76570056A642 /* Libs */,
				B967052D1A5F75450056A642 /* ScanlineRenderer */,
				B967052C1A5F75450056A642 /* Products */,
			);
			sourceTree = "<group>";
		};
		B967052C1A5F75450056A642 /* Products */ = {
			isa = PBXGroup;
			children = (
				B967052B1A5F75450056A642 /* ScanlineRenderer */,
			);
			name = Products;
			sourceTree = "<group>";
		};
		B967052D1A5F75450056A642 /* ScanlineRenderer */ = {
			isa = PBXGroup;
			children = (
				B967052E1A5F75450056A642 /* main.cpp */,
				B96705431A5F76E30056A642 /* ScanlineRenderer.cpp */,
				B96705441A5F76E30056A642 /* ScanlineRenderer.h */,
			);
			name = ScanlineRenderer;
			path = ScanlineRendering;
			sourceTree = "<group>";
		};
		B967053F1A5F76570056A642 /* Libs */ = {
			isa = PBXGroup;
			children = (
				B96705371A5F764D0056A642 /* libopencv_imgproc.2.4.9.dylib */,
				B96705381A5F764D0056A642 /* libopencv_highgui.2.4.9.dylib */,
				B96705391A5F764D0056A642 /* libopencv_features2d.2.4.9.dylib */,
				B967053A1A5F764D0056A642 /* libopencv_core.2.4.9.dylib */,
				B96705351A5F76070056A642 /* libopencv_contrib.2.4.9.dylib */,
			);
			name = Libs;
			sourceTree = "<group>";
		};
/* End PBXGroup section */

/* Begin PBXNativeTarget section */
		B967052A1A5F75450056A642 /* ScanlineRenderer */ = {
			isa = PBXNativeTarget;
			buildConfigurationList = B96705321A5F75450056A642 /* Build configuration list for PBXNativeTarget "ScanlineRenderer" */;
			buildPhases = (
				B96705271A5F75450056A642 /* Sources */,
				B96705281A5F75450056A642 /* Frameworks */,
				B96705291A5F75450056A642 /* CopyFiles */,
			);
			buildRules = (
			);
			dependencies = (
			);
			name = ScanlineRenderer;
			productName = ScanlineRendering;
			productReference = B967052B1A5F75450056A642 /* ScanlineRenderer */;
			productType = "com.apple.product-type.tool";
		};
/* End PBXNativeTarget section */

/* Begin PBXProject section */
		B96705231A5F75450056A642 /* Project object */ = {
			isa = PBXProject;
			attributes = {
				LastUpgradeCheck = 0610;
				ORGANIZATIONNAME = Fudan;
				TargetAttributes = {
					B967052A1A5F75450056A642 = {
						CreatedOnToolsVersion = 6.1.1;
					};
				};
			};
			buildConfigurationList = B96705261A5F75450056A642 /* Build configuration list for PBXProject "ScanlineRenderer" */;
			compatibilityVersion = "Xcode 3.2";
			developmentRegion = English;
			hasScannedForEncodings = 0;
			knownRegions = (
				en,
			);
			mainGroup = B96705221A5F75450056A642;
			productRefGroup = B967052C1A5F75450056A642 /* Products */;
			projectDirPath = "";
			projectRoot = "";
			targets = (
				B967052A1A5F75450056A642 /* ScanlineRenderer */,
			);
		};
/* End PBXProject section */

/* Begin PBXSourcesBuildPhase section */
		B96705271A5F75450056A642 /* Sources */ = {
			isa = PBXSourcesBuildPhase;
			buildActionMask = 2147483647;
			files = (
				B967052F1A5F75450056A642 /* main.cpp in Sources */,
				B96705451A5F76E30056A642 /* ScanlineRenderer.cpp in Sources */,
			);
			runOnlyForDeploymentPostprocessing = 0;
		};
/* End PBXSourcesBuildPhase section */

/* Begin XCBuildConfiguration section */
		B96705301A5F75450056A642 /* Debug */ = {
			isa = XCBuildConfiguration;
			buildSettings = {
				ALWAYS_SEARCH_USER_PATHS = NO;
				CLANG_CXX_LANGUAGE_STANDARD = "gnu++0x";
				CLANG_CXX_LIBRARY = "libc++";
				CLANG_ENABLE_MODULES = YES;
				CLANG_ENABLE_OBJC_ARC = YES;
				CLANG_WARN_BOOL_CONVERSION = YES;
				CLANG_WARN_CONSTANT_CONVERSION = YES;
				CLANG_WARN_DIRECT_OBJC_ISA_USAGE = YES_ERROR;
				CLANG_WARN_EMPTY_BODY = YES;
				CLANG_WARN_ENUM_CONVERSION = YES;
				CLANG_WARN_INT_CONVERSION = YES;
				CLANG_WARN_OBJC_ROOT_CLASS = YES_ERROR;
				CLANG_WARN_UNREACHABLE_CODE = YES;
				CLANG_WARN__DUPLICATE_METHOD_MATCH = YES;
				COPY_PHASE_STRIP = NO;
				ENABLE_STRICT_OBJC_MSGSEND = YES;
				GCC_C_LANGUAGE_STANDARD = gnu99;
				GCC_DYNAMIC_NO_PIC = NO;
				GCC_OPTIMIZATION_LEVEL = 0;
				GCC_PREPROCESSOR_DEFINITIONS = (
					"DEBUG=1",
					"$(inherited)",
				);
				GCC_SYMBOLS_PRIVATE_EXTERN = NO;
				GCC_WARN_64_TO_32_BIT_CONVERSION = YES;
				GCC_WARN_ABOUT_RETURN_TYPE = YES_ERROR;
				GCC_WARN_UNDECLARED_SELECTOR = YES;
				GCC_WARN_UNINITIALIZED_AUTOS = YES_AGGRESSIVE;
				GCC_WARN_UNUSED_FUNCTION = YES;
				GCC_WARN_UNUSED_VARIABLE = YES;
				MACOSX_DEPLOYMENT_TARGET = 10.10;
				MTL_ENABLE_DEBUG_INFO = YES;
				ONLY_ACTIVE_ARCH = YES;
				SDKROOT = macosx;
			};
			name = Debug;
		};
		B96705311A5F75450056A642 /* Release */ = {
			isa = XCBuildConfiguration;
			buildSettings = {
				ALWAYS_SEARCH_USER_PATHS = NO;
				CLANG_CXX_LANGUAGE_STANDARD = "gnu++0x";
				CLANG_CXX_LIBRARY = "libc++";
				CLANG_ENABLE_MODULES = YES;
				CLANG_ENABLE_OBJC_ARC = YES;
				CLANG_WARN_BOOL_CONVERSION = YES;
				CLANG_WARN_CONSTANT_CONVERSION = YES;
				CLANG_WARN_DIRECT_OBJC_ISA_USAGE = YES_ERROR;
				CLANG_WARN_EMPTY_BODY = YES;
				CLANG_WARN_ENUM_CONVERSION = YES;
				CLANG_WARN_INT_CONVERSION = YES;
				CLANG_WARN_OBJC_ROOT_CLASS = YES_ERROR;
				CLANG_WARN_UNREACHABLE_CODE = YES;
				CLANG_WARN__DUPLICATE_METHOD_MATCH = YES;
				COPY_PHASE_STRIP = YES;
				DEBUG_INFORMATION_FORMAT = "dwarf-with-dsym";
				ENABLE_NS_ASSERTIONS = NO;
				ENABLE_STRICT_OBJC_MSGSEND = YES;
				GCC_C_LANGUAGE_STANDARD = gnu99;
				GCC_WARN_64_TO_32_BIT_CONVERSION = YES;
				GCC_WARN_ABOUT_RETURN_TYPE = YES_ERROR;
				GCC_WARN_UNDECLARED_SELECTOR = YES;
				GCC_WARN_UNINITIALIZED_AUTOS = YES_AGGRESSIVE;
				GCC_WARN_UNUSED_FUNCTION = YES;
				GCC_WARN_UNUSED_VARIABLE = YES;
				MACOSX_DEPLOYMENT_TARGET = 10.10;
				MTL_ENABLE_DEBUG_INFO = NO;
				SDKROOT = macosx;
			};
			name = Release;
		};
		B96705331A5F75450056A642 /* Debug */ = {
			isa = XCBuildConfiguration;
			buildSettings = {
				HEADER_SEARCH_PATHS = (
					"$(inherited)",
					/Applications/Xcode.app/Contents/Developer/Toolchains/XcodeDefault.xctoolchain/usr/include,
					/usr/local/include/,
				);
				LIBRARY_SEARCH_PATHS = (
					"/usr/local/lib/**",
					/usr/local/Cellar/opencv/2.4.9/lib,
				);
				PRODUCT_NAME = ScanlineRenderer;
			};
			name = Debug;
		};
		B96705341A5F75450056A642 /* Release */ = {
			isa = XCBuildConfiguration;
			buildSettings = {
				HEADER_SEARCH_PATHS = (
					"$(inherited)",
					/Applications/Xcode.app/Contents/Developer/Toolchains/XcodeDefault.xctoolchain/usr/include,
					/usr/local/include/,
				);
				LIBRARY_SEARCH_PATHS = (
					"/usr/local/lib/**",
					/usr/local/Cellar/opencv/2.4.9/lib,
				);
				PRODUCT_NAME = ScanlineRenderer;
			};
			name = Release;
		};
/* End XCBuildConfiguration section */

/* Begin XCConfigurationList section */
		B96705261A5F75450056A642 /* Build configuration list for PBXProject "ScanlineRenderer" */ = {
			isa = XCConfigurationList;
			buildConfigurations = (
				B96705301A5F75450056A642 /* Debug */,
				B96705311A5F75450056A642 /* Release */,
			);
			defaultConfigurationIsVisible = 0;
			defaultConfigurationName = Release;
		};
		B96705321A5F75450056A642 /* Build configuration list for PBXNativeTarget "ScanlineRenderer" */ = {
			isa = XCConfigurationList;
			buildConfigurations = (
				B96705331A5F75450056A642 /* Debug */,
				B96705341A5F75450056A642 /* Release */,
			);
			defaultConfigurationIsVisible = 0;
		};
/* End XCConfigurationList section */
	};
	rootObject = B96705231A5F75450056A642 /* Project object */;
}
