// !$*UTF8*$!
{
	archiveVersion = 1;
	classes = {
	};
	objectVersion = 46;
	objects = {

/* Begin PBXBuildFile section */
		B95F3C4E1A597385003B8F6D /* main.cpp in Sources */ = {isa = PBXBuildFile; fileRef = B95F3C4D1A597385003B8F6D /* main.cpp */; };
		B95F3C561A59739F003B8F6D /* NearestNode.cpp in Sources */ = {isa = PBXBuildFile; fileRef = B95F3C541A59739F003B8F6D /* NearestNode.cpp */; };
		B99F56D91A599EE10057B7A6 /* pugixml.cpp in Sources */ = {isa = PBXBuildFile; fileRef = B99F56D71A599EE10057B7A6 /* pugixml.cpp */; };
/* End PBXBuildFile section */

/* Begin PBXCopyFilesBuildPhase section */
		B95F3C481A597385003B8F6D /* CopyFiles */ = {
			isa = PBXCopyFilesBuildPhase;
			buildActionMask = 2147483647;
			dstPath = /usr/share/man/man1/;
			dstSubfolderSpec = 0;
			files = (
			);
			runOnlyForDeploymentPostprocessing = 1;
		};
/* End PBXCopyFilesBuildPhase section */

/* Begin PBXFileReference section */
		B95F3C4A1A597385003B8F6D /* NearestNode */ = {isa = PBXFileReference; explicitFileType = "compiled.mach-o.executable"; includeInIndex = 0; path = NearestNode; sourceTree = BUILT_PRODUCTS_DIR; };
		B95F3C4D1A597385003B8F6D /* main.cpp */ = {isa = PBXFileReference; lastKnownFileType = sourcecode.cpp.cpp; path = main.cpp; sourceTree = "<group>"; };
		B95F3C541A59739F003B8F6D /* NearestNode.cpp */ = {isa = PBXFileReference; fileEncoding = 4; lastKnownFileType = sourcecode.cpp.cpp; path = NearestNode.cpp; sourceTree = "<group>"; };
		B95F3C551A59739F003B8F6D /* NearestNode.h */ = {isa = PBXFileReference; fileEncoding = 4; lastKnownFileType = sourcecode.c.h; path = NearestNode.h; sourceTree = "<group>"; };
		B99F56D61A599EE10057B7A6 /* pugixml.hpp */ = {isa = PBXFileReference; fileEncoding = 4; lastKnownFileType = sourcecode.cpp.h; name = pugixml.hpp; path = ../../Libs/pugixml/pugixml.hpp; sourceTree = "<group>"; };
		B99F56D71A599EE10057B7A6 /* pugixml.cpp */ = {isa = PBXFileReference; fileEncoding = 4; lastKnownFileType = sourcecode.cpp.cpp; name = pugixml.cpp; path = ../../Libs/pugixml/pugixml.cpp; sourceTree = "<group>"; };
		B99F56D81A599EE10057B7A6 /* pugiconfig.hpp */ = {isa = PBXFileReference; fileEncoding = 4; lastKnownFileType = sourcecode.cpp.h; name = pugiconfig.hpp; path = ../../Libs/pugixml/pugiconfig.hpp; sourceTree = "<group>"; };
/* End PBXFileReference section */

/* Begin PBXFrameworksBuildPhase section */
		B95F3C471A597385003B8F6D /* Frameworks */ = {
			isa = PBXFrameworksBuildPhase;
			buildActionMask = 2147483647;
			files = (
			);
			runOnlyForDeploymentPostprocessing = 0;
		};
/* End PBXFrameworksBuildPhase section */

/* Begin PBXGroup section */
		B95F3C411A597385003B8F6D = {
			isa = PBXGroup;
			children = (
				B99F56D61A599EE10057B7A6 /* pugixml.hpp */,
				B99F56D71A599EE10057B7A6 /* pugixml.cpp */,
				B99F56D81A599EE10057B7A6 /* pugiconfig.hpp */,
				B95F3C4C1A597385003B8F6D /* NearestNode */,
				B95F3C4B1A597385003B8F6D /* Products */,
			);
			sourceTree = "<group>";
		};
		B95F3C4B1A597385003B8F6D /* Products */ = {
			isa = PBXGroup;
			children = (
				B95F3C4A1A597385003B8F6D /* NearestNode */,
			);
			name = Products;
			sourceTree = "<group>";
		};
		B95F3C4C1A597385003B8F6D /* NearestNode */ = {
			isa = PBXGroup;
			children = (
				B95F3C4D1A597385003B8F6D /* main.cpp */,
				B95F3C541A59739F003B8F6D /* NearestNode.cpp */,
				B95F3C551A59739F003B8F6D /* NearestNode.h */,
			);
			path = NearestNode;
			sourceTree = "<group>";
		};
/* End PBXGroup section */

/* Begin PBXNativeTarget section */
		B95F3C491A597385003B8F6D /* NearestNode */ = {
			isa = PBXNativeTarget;
			buildConfigurationList = B95F3C511A597385003B8F6D /* Build configuration list for PBXNativeTarget "NearestNode" */;
			buildPhases = (
				B95F3C461A597385003B8F6D /* Sources */,
				B95F3C471A597385003B8F6D /* Frameworks */,
				B95F3C481A597385003B8F6D /* CopyFiles */,
			);
			buildRules = (
			);
			dependencies = (
			);
			name = NearestNode;
			productName = NearestNode;
			productReference = B95F3C4A1A597385003B8F6D /* NearestNode */;
			productType = "com.apple.product-type.tool";
		};
/* End PBXNativeTarget section */

/* Begin PBXProject section */
		B95F3C421A597385003B8F6D /* Project object */ = {
			isa = PBXProject;
			attributes = {
				LastUpgradeCheck = 0610;
				ORGANIZATIONNAME = Fudan;
				TargetAttributes = {
					B95F3C491A597385003B8F6D = {
						CreatedOnToolsVersion = 6.1.1;
					};
				};
			};
			buildConfigurationList = B95F3C451A597385003B8F6D /* Build configuration list for PBXProject "NearestNode" */;
			compatibilityVersion = "Xcode 3.2";
			developmentRegion = English;
			hasScannedForEncodings = 0;
			knownRegions = (
				en,
			);
			mainGroup = B95F3C411A597385003B8F6D;
			productRefGroup = B95F3C4B1A597385003B8F6D /* Products */;
			projectDirPath = "";
			projectRoot = "";
			targets = (
				B95F3C491A597385003B8F6D /* NearestNode */,
			);
		};
/* End PBXProject section */

/* Begin PBXSourcesBuildPhase section */
		B95F3C461A597385003B8F6D /* Sources */ = {
			isa = PBXSourcesBuildPhase;
			buildActionMask = 2147483647;
			files = (
				B99F56D91A599EE10057B7A6 /* pugixml.cpp in Sources */,
				B95F3C561A59739F003B8F6D /* NearestNode.cpp in Sources */,
				B95F3C4E1A597385003B8F6D /* main.cpp in Sources */,
			);
			runOnlyForDeploymentPostprocessing = 0;
		};
/* End PBXSourcesBuildPhase section */

/* Begin XCBuildConfiguration section */
		B95F3C4F1A597385003B8F6D /* Debug */ = {
			isa = XCBuildConfiguration;
			buildSettings = {
				ALWAYS_SEARCH_USER_PATHS = NO;
				CLANG_CXX_LANGUAGE_STANDARD = "gnu++0x";
				CLANG_CXX_LIBRARY = "libc++";
				CLANG_ENABLE_MODULES = YES;
				CLANG_ENABLE_OBJC_ARC = YES;
				CLANG_WARN_BOOL_CONVERSION = YES;
				CLANG_WARN_CONSTANT_CONVERSION = YES;
				CLANG_WARN_DIRECT_OBJC_ISA_USAGE = YES_ERROR;
				CLANG_WARN_EMPTY_BODY = YES;
				CLANG_WARN_ENUM_CONVERSION = YES;
				CLANG_WARN_INT_CONVERSION = YES;
				CLANG_WARN_OBJC_ROOT_CLASS = YES_ERROR;
				CLANG_WARN_UNREACHABLE_CODE = YES;
				CLANG_WARN__DUPLICATE_METHOD_MATCH = YES;
				COPY_PHASE_STRIP = NO;
				ENABLE_STRICT_OBJC_MSGSEND = YES;
				GCC_C_LANGUAGE_STANDARD = gnu99;
				GCC_DYNAMIC_NO_PIC = NO;
				GCC_OPTIMIZATION_LEVEL = 0;
				GCC_PREPROCESSOR_DEFINITIONS = (
					"DEBUG=1",
					"$(inherited)",
				);
				GCC_SYMBOLS_PRIVATE_EXTERN = NO;
				GCC_WARN_64_TO_32_BIT_CONVERSION = YES;
				GCC_WARN_ABOUT_RETURN_TYPE = YES_ERROR;
				GCC_WARN_UNDECLARED_SELECTOR = YES;
				GCC_WARN_UNINITIALIZED_AUTOS = YES_AGGRESSIVE;
				GCC_WARN_UNUSED_FUNCTION = YES;
				GCC_WARN_UNUSED_VARIABLE = YES;
				MACOSX_DEPLOYMENT_TARGET = 10.10;
				MTL_ENABLE_DEBUG_INFO = YES;
				ONLY_ACTIVE_ARCH = YES;
				SDKROOT = macosx;
			};
			name = Debug;
		};
		B95F3C501A597385003B8F6D /* Release */ = {
			isa = XCBuildConfiguration;
			buildSettings = {
				ALWAYS_SEARCH_USER_PATHS = NO;
				CLANG_CXX_LANGUAGE_STANDARD = "gnu++0x";
				CLANG_CXX_LIBRARY = "libc++";
				CLANG_ENABLE_MODULES = YES;
				CLANG_ENABLE_OBJC_ARC = YES;
				CLANG_WARN_BOOL_CONVERSION = YES;
				CLANG_WARN_CONSTANT_CONVERSION = YES;
				CLANG_WARN_DIRECT_OBJC_ISA_USAGE = YES_ERROR;
				CLANG_WARN_EMPTY_BODY = YES;
				CLANG_WARN_ENUM_CONVERSION = YES;
				CLANG_WARN_INT_CONVERSION = YES;
				CLANG_WARN_OBJC_ROOT_CLASS = YES_ERROR;
				CLANG_WARN_UNREACHABLE_CODE = YES;
				CLANG_WARN__DUPLICATE_METHOD_MATCH = YES;
				COPY_PHASE_STRIP = YES;
				DEBUG_INFORMATION_FORMAT = "dwarf-with-dsym";
				ENABLE_NS_ASSERTIONS = NO;
				ENABLE_STRICT_OBJC_MSGSEND = YES;
				GCC_C_LANGUAGE_STANDARD = gnu99;
				GCC_WARN_64_TO_32_BIT_CONVERSION = YES;
				GCC_WARN_ABOUT_RETURN_TYPE = YES_ERROR;
				GCC_WARN_UNDECLARED_SELECTOR = YES;
				GCC_WARN_UNINITIALIZED_AUTOS = YES_AGGRESSIVE;
				GCC_WARN_UNUSED_FUNCTION = YES;
				GCC_WARN_UNUSED_VARIABLE = YES;
				MACOSX_DEPLOYMENT_TARGET = 10.10;
				MTL_ENABLE_DEBUG_INFO = NO;
				SDKROOT = macosx;
			};
			name = Release;
		};
		B95F3C521A597385003B8F6D /* Debug */ = {
			isa = XCBuildConfiguration;
			buildSettings = {
				PRODUCT_NAME = "$(TARGET_NAME)";
			};
			name = Debug;
		};
		B95F3C531A597385003B8F6D /* Release */ = {
			isa = XCBuildConfiguration;
			buildSettings = {
				PRODUCT_NAME = "$(TARGET_NAME)";
			};
			name = Release;
		};
/* End XCBuildConfiguration section */

/* Begin XCConfigurationList section */
		B95F3C451A597385003B8F6D /* Build configuration list for PBXProject "NearestNode" */ = {
			isa = XCConfigurationList;
			buildConfigurations = (
				B95F3C4F1A597385003B8F6D /* Debug */,
				B95F3C501A597385003B8F6D /* Release */,
			);
			defaultConfigurationIsVisible = 0;
			defaultConfigurationName = Release;
		};
		B95F3C511A597385003B8F6D /* Build configuration list for PBXNativeTarget "NearestNode" */ = {
			isa = XCConfigurationList;
			buildConfigurations = (
				B95F3C521A597385003B8F6D /* Debug */,
				B95F3C531A597385003B8F6D /* Release */,
			);
			defaultConfigurationIsVisible = 0;
			defaultConfigurationName = Release;
		};
/* End XCConfigurationList section */
	};
	rootObject = B95F3C421A597385003B8F6D /* Project object */;
}
